
Microsoft Visual Studio Solution File, Format Version 12.00
# Visual Studio Version 17
VisualStudioVersion = 17.14.36408.4 d17.14
MinimumVisualStudioVersion = 10.0.40219.1
Project("{FAE04EC0-301F-11D3-BF4B-00C04F79EFBC}") = "Front", "Front.csproj", "{3EAC3709-5FE1-420B-82C8-FF6A96F2204B}"
EndProject
Project("{FAE04EC0-301F-11D3-BF4B-00C04F79EFBC}") = "BibliotecaDeClases", "..\BibliotecaDeClases\BibliotecaDeClases.csproj", "{73CC5BDA-F2F2-403B-B589-7B43EA135710}"
EndProject
Global
	GlobalSection(SolutionConfigurationPlatforms) = preSolution
		Debug|Any CPU = Debug|Any CPU
		Release|Any CPU = Release|Any CPU
	EndGlobalSection
	GlobalSection(ProjectConfigurationPlatforms) = postSolution
		{3EAC3709-5FE1-420B-82C8-FF6A96F2204B}.Debug|Any CPU.ActiveCfg = Debug|Any CPU
		{3EAC3709-5FE1-420B-82C8-FF6A96F2204B}.Debug|Any CPU.Build.0 = Debug|Any CPU
		{3EAC3709-5FE1-420B-82C8-FF6A96F2204B}.Release|Any CPU.ActiveCfg = Release|Any CPU
		{3EAC3709-5FE1-420B-82C8-FF6A96F2204B}.Release|Any CPU.Build.0 = Release|Any CPU
		{73CC5BDA-F2F2-403B-B589-7B43EA135710}.Debug|Any CPU.ActiveCfg = Debug|Any CPU
		{73CC5BDA-F2F2-403B-B589-7B43EA135710}.Debug|Any CPU.Build.0 = Debug|Any CPU
		{73CC5BDA-F2F2-403B-B589-7B43EA135710}.Release|Any CPU.ActiveCfg = Release|Any CPU
		{73CC5BDA-F2F2-403B-B589-7B43EA135710}.Release|Any CPU.Build.0 = Release|Any CPU
	EndGlobalSection
	GlobalSection(SolutionProperties) = preSolution
		HideSolutionNode = FALSE
	EndGlobalSection
	GlobalSection(ExtensibilityGlobals) = postSolution
		SolutionGuid = {C0E80E9F-1C97-45FA-8781-2E7187C1E041}
	EndGlobalSection
EndGlobal
